
Microsoft Visual Studio Solution File, Format Version 12.00
# TcXaeShell Solution File, Format Version 11.00
VisualStudioVersion = 15.0.28010.2050
MinimumVisualStudioVersion = 10.0.40219.1
Project("{FE7A1B72-C5B7-4D7C-BB7D-76384D4DE8E1}") = "demo-multi-screen", "demo-multi-screen\demo-multi-screen.hmiproj", "{A3F16FC8-DFB6-4FFB-8D05-4593472A6F63}"
EndProject
Global
	GlobalSection(SolutionConfigurationPlatforms) = preSolution
		Debug|TwinCAT HMI = Debug|TwinCAT HMI
		Release|TwinCAT HMI = Release|TwinCAT HMI
	EndGlobalSection
	GlobalSection(ProjectConfigurationPlatforms) = postSolution
		{A3F16FC8-DFB6-4FFB-8D05-4593472A6F63}.Debug|TwinCAT HMI.ActiveCfg = Debug|TwinCAT HMI
		{A3F16FC8-DFB6-4FFB-8D05-4593472A6F63}.Debug|TwinCAT HMI.Build.0 = Debug|TwinCAT HMI
		{A3F16FC8-DFB6-4FFB-8D05-4593472A6F63}.Release|TwinCAT HMI.ActiveCfg = Release|TwinCAT HMI
		{A3F16FC8-DFB6-4FFB-8D05-4593472A6F63}.Release|TwinCAT HMI.Build.0 = Release|TwinCAT HMI
	EndGlobalSection
	GlobalSection(SolutionProperties) = preSolution
		HideSolutionNode = FALSE
	EndGlobalSection
	GlobalSection(ExtensibilityGlobals) = postSolution
		SolutionGuid = {097BB319-51BA-4196-9E0D-FAF8FBC0F536}
	EndGlobalSection
EndGlobal
